Microsoft Visual Studio Solution File, Format Version 12.00
# Visual Studio Version 17
VisualStudioVersion = 17.10.35201.131
MinimumVisualStudioVersion = 10.0.40219.1
Project("{FAE04EC0-301F-11D3-BF4B-00C04F79EFBC}") = "AgentWorldLab.Api", "src\AgentWorldLab.Api\AgentWorldLab.Api.csproj", "{7D49F0E2-7E6A-4AA8-88F3-6A7B73E98C2D}"
EndProject
Project("{FAE04EC0-301F-11D3-BF4B-00C04F79EFBC}") = "AgentWorldLab.UnitTests", "tests\AgentWorldLab.UnitTests\AgentWorldLab.UnitTests.csproj", "{E5F3013A-9379-43BA-A8E1-33C8E6FA4AB9}"
EndProject
Project("{FAE04EC0-301F-11D3-BF4B-00C04F79EFBC}") = "AgentWorldLab.IntegrationTests", "tests\AgentWorldLab.IntegrationTests\AgentWorldLab.IntegrationTests.csproj", "{931E9D90-E909-4966-A6C2-5C8707727F99}"
EndProject
Project("{2150E333-8FDC-42A3-9474-1A3956D46DE8}") = "src", "src", "{0E7E99C1-19BC-4B07-BA2C-54746E13293D}"
EndProject
Project("{FAE04EC0-301F-11D3-BF4B-00C04F79EFBC}") = "AgentWorldLab.Adapters.Abstractions", "src\AgentWorldLab.Adapters.Abstractions\AgentWorldLab.Adapters.Abstractions.csproj", "{B4793C0B-5C11-4F65-A813-9B28D1DA1C4B}"
EndProject
Project("{FAE04EC0-301F-11D3-BF4B-00C04F79EFBC}") = "AgentWorldLab.Adapters.Azure", "src\AgentWorldLab.Adapters.Azure\AgentWorldLab.Adapters.Azure.csproj", "{1D8A8E1F-4CF0-4595-89FB-E35537794309}"
EndProject
Project("{FAE04EC0-301F-11D3-BF4B-00C04F79EFBC}") = "AgentWorldLab.Adapters.Aws", "src\AgentWorldLab.Adapters.Aws\AgentWorldLab.Adapters.Aws.csproj", "{CD1DE0ED-C9E6-4D04-A04C-74E901C75503}"
EndProject
Project("{FAE04EC0-301F-11D3-BF4B-00C04F79EFBC}") = "AgentWorldLab.Adapters.Gcp", "src\AgentWorldLab.Adapters.Gcp\AgentWorldLab.Adapters.Gcp.csproj", "{D082B3AF-0F1A-4B98-8168-DE6A6E5246BD}"
EndProject
Project("{FAE04EC0-301F-11D3-BF4B-00C04F79EFBC}") = "AgentWorldLab.Adapters.Mcp", "src\AgentWorldLab.Adapters.Mcp\AgentWorldLab.Adapters.Mcp.csproj", "{119BED99-CE37-46C8-AF53-883A6347C8EF}"
EndProject
Project("{FAE04EC0-301F-11D3-BF4B-00C04F79EFBC}") = "AgentWorldLab.Domain", "src\AgentWorldLab.Domain\AgentWorldLab.Domain.csproj", "{63B2762B-09BD-4FA5-B01C-F55FF84B521D}"
EndProject
Project("{FAE04EC0-301F-11D3-BF4B-00C04F79EFBC}") = "AgentWorldLab.Application", "src\AgentWorldLab.Application\AgentWorldLab.Application.csproj", "{005F225F-EC25-4644-8BE9-0D67A8E2F736}"
EndProject
Project("{FAE04EC0-301F-11D3-BF4B-00C04F79EFBC}") = "AgentWorldLab.Infrastructure", "src\AgentWorldLab.Infrastructure\AgentWorldLab.Infrastructure.csproj", "{B28C82CA-8DBA-4F06-9EB4-57E14A344A6B}"
EndProject
Project("{FAE04EC0-301F-11D3-BF4B-00C04F79EFBC}") = "AgentWorldLab.Auth", "src\AgentWorldLab.Auth\AgentWorldLab.Auth.csproj", "{F1902703-F264-48E4-ACEA-3C1D7FF4C5BA}"
EndProject
Global
	GlobalSection(SolutionConfigurationPlatforms) = preSolution
		Debug|Any CPU = Debug|Any CPU
		Release|Any CPU = Release|Any CPU
	EndGlobalSection
	GlobalSection(ProjectConfigurationPlatforms) = postSolution
		{7D49F0E2-7E6A-4AA8-88F3-6A7B73E98C2D}.Debug|Any CPU.ActiveCfg = Debug|Any CPU
		{7D49F0E2-7E6A-4AA8-88F3-6A7B73E98C2D}.Debug|Any CPU.Build.0 = Debug|Any CPU
		{7D49F0E2-7E6A-4AA8-88F3-6A7B73E98C2D}.Release|Any CPU.ActiveCfg = Release|Any CPU
		{7D49F0E2-7E6A-4AA8-88F3-6A7B73E98C2D}.Release|Any CPU.Build.0 = Release|Any CPU
		{E5F3013A-9379-43BA-A8E1-33C8E6FA4AB9}.Debug|Any CPU.ActiveCfg = Debug|Any CPU
		{E5F3013A-9379-43BA-A8E1-33C8E6FA4AB9}.Debug|Any CPU.Build.0 = Debug|Any CPU
		{E5F3013A-9379-43BA-A8E1-33C8E6FA4AB9}.Release|Any CPU.ActiveCfg = Release|Any CPU
		{E5F3013A-9379-43BA-A8E1-33C8E6FA4AB9}.Release|Any CPU.Build.0 = Release|Any CPU
		{931E9D90-E909-4966-A6C2-5C8707727F99}.Debug|Any CPU.ActiveCfg = Debug|Any CPU
		{931E9D90-E909-4966-A6C2-5C8707727F99}.Debug|Any CPU.Build.0 = Debug|Any CPU
		{931E9D90-E909-4966-A6C2-5C8707727F99}.Release|Any CPU.ActiveCfg = Release|Any CPU
		{931E9D90-E909-4966-A6C2-5C8707727F99}.Release|Any CPU.Build.0 = Release|Any CPU
		{B4793C0B-5C11-4F65-A813-9B28D1DA1C4B}.Debug|Any CPU.ActiveCfg = Debug|Any CPU
		{B4793C0B-5C11-4F65-A813-9B28D1DA1C4B}.Debug|Any CPU.Build.0 = Debug|Any CPU
		{B4793C0B-5C11-4F65-A813-9B28D1DA1C4B}.Release|Any CPU.ActiveCfg = Release|Any CPU
		{B4793C0B-5C11-4F65-A813-9B28D1DA1C4B}.Release|Any CPU.Build.0 = Release|Any CPU
		{1D8A8E1F-4CF0-4595-89FB-E35537794309}.Debug|Any CPU.ActiveCfg = Debug|Any CPU
		{1D8A8E1F-4CF0-4595-89FB-E35537794309}.Debug|Any CPU.Build.0 = Debug|Any CPU
		{1D8A8E1F-4CF0-4595-89FB-E35537794309}.Release|Any CPU.ActiveCfg = Release|Any CPU
		{1D8A8E1F-4CF0-4595-89FB-E35537794309}.Release|Any CPU.Build.0 = Release|Any CPU
		{CD1DE0ED-C9E6-4D04-A04C-74E901C75503}.Debug|Any CPU.ActiveCfg = Debug|Any CPU
		{CD1DE0ED-C9E6-4D04-A04C-74E901C75503}.Debug|Any CPU.Build.0 = Debug|Any CPU
		{CD1DE0ED-C9E6-4D04-A04C-74E901C75503}.Release|Any CPU.ActiveCfg = Release|Any CPU
		{CD1DE0ED-C9E6-4D04-A04C-74E901C75503}.Release|Any CPU.Build.0 = Release|Any CPU
		{D082B3AF-0F1A-4B98-8168-DE6A6E5246BD}.Debug|Any CPU.ActiveCfg = Debug|Any CPU
		{D082B3AF-0F1A-4B98-8168-DE6A6E5246BD}.Debug|Any CPU.Build.0 = Debug|Any CPU
		{D082B3AF-0F1A-4B98-8168-DE6A6E5246BD}.Release|Any CPU.ActiveCfg = Release|Any CPU
		{D082B3AF-0F1A-4B98-8168-DE6A6E5246BD}.Release|Any CPU.Build.0 = Release|Any CPU
		{119BED99-CE37-46C8-AF53-883A6347C8EF}.Debug|Any CPU.ActiveCfg = Debug|Any CPU
		{119BED99-CE37-46C8-AF53-883A6347C8EF}.Debug|Any CPU.Build.0 = Debug|Any CPU
		{119BED99-CE37-46C8-AF53-883A6347C8EF}.Release|Any CPU.ActiveCfg = Release|Any CPU
		{119BED99-CE37-46C8-AF53-883A6347C8EF}.Release|Any CPU.Build.0 = Release|Any CPU
		{63B2762B-09BD-4FA5-B01C-F55FF84B521D}.Debug|Any CPU.ActiveCfg = Debug|Any CPU
		{63B2762B-09BD-4FA5-B01C-F55FF84B521D}.Debug|Any CPU.Build.0 = Debug|Any CPU
		{63B2762B-09BD-4FA5-B01C-F55FF84B521D}.Release|Any CPU.ActiveCfg = Release|Any CPU
		{63B2762B-09BD-4FA5-B01C-F55FF84B521D}.Release|Any CPU.Build.0 = Release|Any CPU
		{005F225F-EC25-4644-8BE9-0D67A8E2F736}.Debug|Any CPU.ActiveCfg = Debug|Any CPU
		{005F225F-EC25-4644-8BE9-0D67A8E2F736}.Debug|Any CPU.Build.0 = Debug|Any CPU
		{005F225F-EC25-4644-8BE9-0D67A8E2F736}.Release|Any CPU.ActiveCfg = Release|Any CPU
		{005F225F-EC25-4644-8BE9-0D67A8E2F736}.Release|Any CPU.Build.0 = Release|Any CPU
		{B28C82CA-8DBA-4F06-9EB4-57E14A344A6B}.Debug|Any CPU.ActiveCfg = Debug|Any CPU
		{B28C82CA-8DBA-4F06-9EB4-57E14A344A6B}.Debug|Any CPU.Build.0 = Debug|Any CPU
		{B28C82CA-8DBA-4F06-9EB4-57E14A344A6B}.Release|Any CPU.ActiveCfg = Release|Any CPU
		{B28C82CA-8DBA-4F06-9EB4-57E14A344A6B}.Release|Any CPU.Build.0 = Release|Any CPU
		{F1902703-F264-48E4-ACEA-3C1D7FF4C5BA}.Debug|Any CPU.ActiveCfg = Debug|Any CPU
		{F1902703-F264-48E4-ACEA-3C1D7FF4C5BA}.Debug|Any CPU.Build.0 = Debug|Any CPU
		{F1902703-F264-48E4-ACEA-3C1D7FF4C5BA}.Release|Any CPU.ActiveCfg = Release|Any CPU
		{F1902703-F264-48E4-ACEA-3C1D7FF4C5BA}.Release|Any CPU.Build.0 = Release|Any CPU
	EndGlobalSection
	GlobalSection(SolutionProperties) = preSolution
		HideSolutionNode = FALSE
	EndGlobalSection
	GlobalSection(NestedProjects) = preSolution
		{B4793C0B-5C11-4F65-A813-9B28D1DA1C4B} = {0E7E99C1-19BC-4B07-BA2C-54746E13293D}
		{1D8A8E1F-4CF0-4595-89FB-E35537794309} = {0E7E99C1-19BC-4B07-BA2C-54746E13293D}
		{CD1DE0ED-C9E6-4D04-A04C-74E901C75503} = {0E7E99C1-19BC-4B07-BA2C-54746E13293D}
		{D082B3AF-0F1A-4B98-8168-DE6A6E5246BD} = {0E7E99C1-19BC-4B07-BA2C-54746E13293D}
		{119BED99-CE37-46C8-AF53-883A6347C8EF} = {0E7E99C1-19BC-4B07-BA2C-54746E13293D}
		{63B2762B-09BD-4FA5-B01C-F55FF84B521D} = {0E7E99C1-19BC-4B07-BA2C-54746E13293D}
		{005F225F-EC25-4644-8BE9-0D67A8E2F736} = {0E7E99C1-19BC-4B07-BA2C-54746E13293D}
		{B28C82CA-8DBA-4F06-9EB4-57E14A344A6B} = {0E7E99C1-19BC-4B07-BA2C-54746E13293D}
		{F1902703-F264-48E4-ACEA-3C1D7FF4C5BA} = {0E7E99C1-19BC-4B07-BA2C-54746E13293D}
	EndGlobalSection
EndGlobal
